
Microsoft Visual Studio Solution File, Format Version 12.00
# Visual Studio Version 16
VisualStudioVersion = 16.0.32106.194
MinimumVisualStudioVersion = 10.0.40219.1
Project("{FAE04EC0-301F-11D3-BF4B-00C04F79EFBC}") = "SQLite_Demo.UWP", "SQLite_Demo\SQLite_Demo.UWP\SQLite_Demo.UWP.csproj", "{F5994850-3AC7-466D-97E2-D7D1F2C2327E}"
EndProject
Project("{FAE04EC0-301F-11D3-BF4B-00C04F79EFBC}") = "SQLite_Demo.Android", "SQLite_Demo\SQLite_Demo.Android\SQLite_Demo.Android.csproj", "{B28248D8-FF6F-4422-83BD-27E8F1C53F8B}"
EndProject
Project("{FAE04EC0-301F-11D3-BF4B-00C04F79EFBC}") = "SQLite_Demo.iOS", "SQLite_Demo\SQLite_Demo.iOS\SQLite_Demo.iOS.csproj", "{6394A884-FF13-428C-AFA4-6EFA0F886871}"
EndProject
Project("{FAE04EC0-301F-11D3-BF4B-00C04F79EFBC}") = "SQLite_Demo", "SQLite_Demo\SQLite_Demo\SQLite_Demo.csproj", "{1CF745A7-ED91-4C72-8985-8A9071D9BCEB}"
EndProject
Global
	GlobalSection(SolutionConfigurationPlatforms) = preSolution
		Debug|Any CPU = Debug|Any CPU
		Debug|ARM = Debug|ARM
		Debug|iPhone = Debug|iPhone
		Debug|iPhoneSimulator = Debug|iPhoneSimulator
		Debug|x64 = Debug|x64
		Debug|x86 = Debug|x86
		Release|Any CPU = Release|Any CPU
		Release|ARM = Release|ARM
		Release|iPhone = Release|iPhone
		Release|iPhoneSimulator = Release|iPhoneSimulator
		Release|x64 = Release|x64
		Release|x86 = Release|x86
	EndGlobalSection
	GlobalSection(ProjectConfigurationPlatforms) = postSolution
		{F5994850-3AC7-466D-97E2-D7D1F2C2327E}.Debug|Any CPU.ActiveCfg = Debug|x86
		{F5994850-3AC7-466D-97E2-D7D1F2C2327E}.Debug|Any CPU.Build.0 = Debug|x86
		{F5994850-3AC7-466D-97E2-D7D1F2C2327E}.Debug|Any CPU.Deploy.0 = Debug|x86
		{F5994850-3AC7-466D-97E2-D7D1F2C2327E}.Debug|ARM.ActiveCfg = Debug|ARM
		{F5994850-3AC7-466D-97E2-D7D1F2C2327E}.Debug|ARM.Build.0 = Debug|ARM
		{F5994850-3AC7-466D-97E2-D7D1F2C2327E}.Debug|ARM.Deploy.0 = Debug|ARM
		{F5994850-3AC7-466D-97E2-D7D1F2C2327E}.Debug|iPhone.ActiveCfg = Debug|x86
		{F5994850-3AC7-466D-97E2-D7D1F2C2327E}.Debug|iPhone.Build.0 = Debug|x86
		{F5994850-3AC7-466D-97E2-D7D1F2C2327E}.Debug|iPhone.Deploy.0 = Debug|x86
		{F5994850-3AC7-466D-97E2-D7D1F2C2327E}.Debug|iPhoneSimulator.ActiveCfg = Debug|x86
		{F5994850-3AC7-466D-97E2-D7D1F2C2327E}.Debug|iPhoneSimulator.Build.0 = Debug|x86
		{F5994850-3AC7-466D-97E2-D7D1F2C2327E}.Debug|iPhoneSimulator.Deploy.0 = Debug|x86
		{F5994850-3AC7-466D-97E2-D7D1F2C2327E}.Debug|x64.ActiveCfg = Debug|x64
		{F5994850-3AC7-466D-97E2-D7D1F2C2327E}.Debug|x64.Build.0 = Debug|x64
		{F5994850-3AC7-466D-97E2-D7D1F2C2327E}.Debug|x64.Deploy.0 = Debug|x64
		{F5994850-3AC7-466D-97E2-D7D1F2C2327E}.Debug|x86.ActiveCfg = Debug|x86
		{F5994850-3AC7-466D-97E2-D7D1F2C2327E}.Debug|x86.Build.0 = Debug|x86
		{F5994850-3AC7-466D-97E2-D7D1F2C2327E}.Debug|x86.Deploy.0 = Debug|x86
		{F5994850-3AC7-466D-97E2-D7D1F2C2327E}.Release|Any CPU.ActiveCfg = Release|x86
		{F5994850-3AC7-466D-97E2-D7D1F2C2327E}.Release|Any CPU.Build.0 = Release|x86
		{F5994850-3AC7-466D-97E2-D7D1F2C2327E}.Release|Any CPU.Deploy.0 = Release|x86
		{F5994850-3AC7-466D-97E2-D7D1F2C2327E}.Release|ARM.ActiveCfg = Release|ARM
		{F5994850-3AC7-466D-97E2-D7D1F2C2327E}.Release|ARM.Build.0 = Release|ARM
		{F5994850-3AC7-466D-97E2-D7D1F2C2327E}.Release|ARM.Deploy.0 = Release|ARM
		{F5994850-3AC7-466D-97E2-D7D1F2C2327E}.Release|iPhone.ActiveCfg = Release|x86
		{F5994850-3AC7-466D-97E2-D7D1F2C2327E}.Release|iPhone.Build.0 = Release|x86
		{F5994850-3AC7-466D-97E2-D7D1F2C2327E}.Release|iPhone.Deploy.0 = Release|x86
		{F5994850-3AC7-466D-97E2-D7D1F2C2327E}.Release|iPhoneSimulator.ActiveCfg = Release|x86
		{F5994850-3AC7-466D-97E2-D7D1F2C2327E}.Release|iPhoneSimulator.Build.0 = Release|x86
		{F5994850-3AC7-466D-97E2-D7D1F2C2327E}.Release|iPhoneSimulator.Deploy.0 = Release|x86
		{F5994850-3AC7-466D-97E2-D7D1F2C2327E}.Release|x64.ActiveCfg = Release|x64
		{F5994850-3AC7-466D-97E2-D7D1F2C2327E}.Release|x64.Build.0 = Release|x64
		{F5994850-3AC7-466D-97E2-D7D1F2C2327E}.Release|x64.Deploy.0 = Release|x64
		{F5994850-3AC7-466D-97E2-D7D1F2C2327E}.Release|x86.ActiveCfg = Release|x86
		{F5994850-3AC7-466D-97E2-D7D1F2C2327E}.Release|x86.Build.0 = Release|x86
		{F5994850-3AC7-466D-97E2-D7D1F2C2327E}.Release|x86.Deploy.0 = Release|x86
		{B28248D8-FF6F-4422-83BD-27E8F1C53F8B}.Debug|Any CPU.ActiveCfg = Debug|Any CPU
		{B28248D8-FF6F-4422-83BD-27E8F1C53F8B}.Debug|Any CPU.Build.0 = Debug|Any CPU
		{B28248D8-FF6F-4422-83BD-27E8F1C53F8B}.Debug|Any CPU.Deploy.0 = Debug|Any CPU
		{B28248D8-FF6F-4422-83BD-27E8F1C53F8B}.Debug|ARM.ActiveCfg = Debug|Any CPU
		{B28248D8-FF6F-4422-83BD-27E8F1C53F8B}.Debug|ARM.Build.0 = Debug|Any CPU
		{B28248D8-FF6F-4422-83BD-27E8F1C53F8B}.Debug|ARM.Deploy.0 = Debug|Any CPU
		{B28248D8-FF6F-4422-83BD-27E8F1C53F8B}.Debug|iPhone.ActiveCfg = Debug|Any CPU
		{B28248D8-FF6F-4422-83BD-27E8F1C53F8B}.Debug|iPhone.Build.0 = Debug|Any CPU
		{B28248D8-FF6F-4422-83BD-27E8F1C53F8B}.Debug|iPhone.Deploy.0 = Debug|Any CPU
		{B28248D8-FF6F-4422-83BD-27E8F1C53F8B}.Debug|iPhoneSimulator.ActiveCfg = Debug|Any CPU
		{B28248D8-FF6F-4422-83BD-27E8F1C53F8B}.Debug|iPhoneSimulator.Build.0 = Debug|Any CPU
		{B28248D8-FF6F-4422-83BD-27E8F1C53F8B}.Debug|iPhoneSimulator.Deploy.0 = Debug|Any CPU
		{B28248D8-FF6F-4422-83BD-27E8F1C53F8B}.Debug|x64.ActiveCfg = Debug|Any CPU
		{B28248D8-FF6F-4422-83BD-27E8F1C53F8B}.Debug|x64.Build.0 = Debug|Any CPU
		{B28248D8-FF6F-4422-83BD-27E8F1C53F8B}.Debug|x64.Deploy.0 = Debug|Any CPU
		{B28248D8-FF6F-4422-83BD-27E8F1C53F8B}.Debug|x86.ActiveCfg = Debug|Any CPU
		{B28248D8-FF6F-4422-83BD-27E8F1C53F8B}.Debug|x86.Build.0 = Debug|Any CPU
		{B28248D8-FF6F-4422-83BD-27E8F1C53F8B}.Debug|x86.Deploy.0 = Debug|Any CPU
		{B28248D8-FF6F-4422-83BD-27E8F1C53F8B}.Release|Any CPU.ActiveCfg = Release|Any CPU
		{B28248D8-FF6F-4422-83BD-27E8F1C53F8B}.Release|Any CPU.Build.0 = Release|Any CPU
		{B28248D8-FF6F-4422-83BD-27E8F1C53F8B}.Release|Any CPU.Deploy.0 = Release|Any CPU
		{B28248D8-FF6F-4422-83BD-27E8F1C53F8B}.Release|ARM.ActiveCfg = Release|Any CPU
		{B28248D8-FF6F-4422-83BD-27E8F1C53F8B}.Release|ARM.Build.0 = Release|Any CPU
		{B28248D8-FF6F-4422-83BD-27E8F1C53F8B}.Release|ARM.Deploy.0 = Release|Any CPU
		{B28248D8-FF6F-4422-83BD-27E8F1C53F8B}.Release|iPhone.ActiveCfg = Release|Any CPU
		{B28248D8-FF6F-4422-83BD-27E8F1C53F8B}.Release|iPhone.Build.0 = Release|Any CPU
		{B28248D8-FF6F-4422-83BD-27E8F1C53F8B}.Release|iPhone.Deploy.0 = Release|Any CPU
		{B28248D8-FF6F-4422-83BD-27E8F1C53F8B}.Release|iPhoneSimulator.ActiveCfg = Release|Any CPU
		{B28248D8-FF6F-4422-83BD-27E8F1C53F8B}.Release|iPhoneSimulator.Build.0 = Release|Any CPU
		{B28248D8-FF6F-4422-83BD-27E8F1C53F8B}.Release|iPhoneSimulator.Deploy.0 = Release|Any CPU
		{B28248D8-FF6F-4422-83BD-27E8F1C53F8B}.Release|x64.ActiveCfg = Release|Any CPU
		{B28248D8-FF6F-4422-83BD-27E8F1C53F8B}.Release|x64.Build.0 = Release|Any CPU
		{B28248D8-FF6F-4422-83BD-27E8F1C53F8B}.Release|x64.Deploy.0 = Release|Any CPU
		{B28248D8-FF6F-4422-83BD-27E8F1C53F8B}.Release|x86.ActiveCfg = Release|Any CPU
		{B28248D8-FF6F-4422-83BD-27E8F1C53F8B}.Release|x86.Build.0 = Release|Any CPU
		{B28248D8-FF6F-4422-83BD-27E8F1C53F8B}.Release|x86.Deploy.0 = Release|Any CPU
		{6394A884-FF13-428C-AFA4-6EFA0F886871}.Debug|Any CPU.ActiveCfg = Debug|iPhoneSimulator
		{6394A884-FF13-428C-AFA4-6EFA0F886871}.Debug|Any CPU.Build.0 = Debug|iPhoneSimulator
		{6394A884-FF13-428C-AFA4-6EFA0F886871}.Debug|Any CPU.Deploy.0 = Debug|iPhoneSimulator
		{6394A884-FF13-428C-AFA4-6EFA0F886871}.Debug|ARM.ActiveCfg = Debug|iPhone
		{6394A884-FF13-428C-AFA4-6EFA0F886871}.Debug|ARM.Build.0 = Debug|iPhone
		{6394A884-FF13-428C-AFA4-6EFA0F886871}.Debug|ARM.Deploy.0 = Debug|iPhone
		{6394A884-FF13-428C-AFA4-6EFA0F886871}.Debug|iPhone.ActiveCfg = Debug|iPhone
		{6394A884-FF13-428C-AFA4-6EFA0F886871}.Debug|iPhone.Build.0 = Debug|iPhone
		{6394A884-FF13-428C-AFA4-6EFA0F886871}.Debug|iPhone.Deploy.0 = Debug|iPhone
		{6394A884-FF13-428C-AFA4-6EFA0F886871}.Debug|iPhoneSimulator.ActiveCfg = Debug|iPhoneSimulator
		{6394A884-FF13-428C-AFA4-6EFA0F886871}.Debug|iPhoneSimulator.Build.0 = Debug|iPhoneSimulator
		{6394A884-FF13-428C-AFA4-6EFA0F886871}.Debug|iPhoneSimulator.Deploy.0 = Debug|iPhoneSimulator
		{6394A884-FF13-428C-AFA4-6EFA0F886871}.Debug|x64.ActiveCfg = Debug|iPhoneSimulator
		{6394A884-FF13-428C-AFA4-6EFA0F886871}.Debug|x64.Build.0 = Debug|iPhoneSimulator
		{6394A884-FF13-428C-AFA4-6EFA0F886871}.Debug|x64.Deploy.0 = Debug|iPhoneSimulator
		{6394A884-FF13-428C-AFA4-6EFA0F886871}.Debug|x86.ActiveCfg = Debug|iPhoneSimulator
		{6394A884-FF13-428C-AFA4-6EFA0F886871}.Debug|x86.Build.0 = Debug|iPhoneSimulator
		{6394A884-FF13-428C-AFA4-6EFA0F886871}.Debug|x86.Deploy.0 = Debug|iPhoneSimulator
		{6394A884-FF13-428C-AFA4-6EFA0F886871}.Release|Any CPU.ActiveCfg = Release|iPhoneSimulator
		{6394A884-FF13-428C-AFA4-6EFA0F886871}.Release|Any CPU.Build.0 = Release|iPhoneSimulator
		{6394A884-FF13-428C-AFA4-6EFA0F886871}.Release|Any CPU.Deploy.0 = Release|iPhoneSimulator
		{6394A884-FF13-428C-AFA4-6EFA0F886871}.Release|ARM.ActiveCfg = Release|iPhoneSimulator
		{6394A884-FF13-428C-AFA4-6EFA0F886871}.Release|ARM.Build.0 = Release|iPhoneSimulator
		{6394A884-FF13-428C-AFA4-6EFA0F886871}.Release|ARM.Deploy.0 = Release|iPhoneSimulator
		{6394A884-FF13-428C-AFA4-6EFA0F886871}.Release|iPhone.ActiveCfg = Release|iPhone
		{6394A884-FF13-428C-AFA4-6EFA0F886871}.Release|iPhone.Build.0 = Release|iPhone
		{6394A884-FF13-428C-AFA4-6EFA0F886871}.Release|iPhone.Deploy.0 = Release|iPhone
		{6394A884-FF13-428C-AFA4-6EFA0F886871}.Release|iPhoneSimulator.ActiveCfg = Release|iPhoneSimulator
		{6394A884-FF13-428C-AFA4-6EFA0F886871}.Release|iPhoneSimulator.Build.0 = Release|iPhoneSimulator
		{6394A884-FF13-428C-AFA4-6EFA0F886871}.Release|iPhoneSimulator.Deploy.0 = Release|iPhoneSimulator
		{6394A884-FF13-428C-AFA4-6EFA0F886871}.Release|x64.ActiveCfg = Release|iPhoneSimulator
		{6394A884-FF13-428C-AFA4-6EFA0F886871}.Release|x64.Build.0 = Release|iPhoneSimulator
		{6394A884-FF13-428C-AFA4-6EFA0F886871}.Release|x64.Deploy.0 = Release|iPhoneSimulator
		{6394A884-FF13-428C-AFA4-6EFA0F886871}.Release|x86.ActiveCfg = Release|iPhoneSimulator
		{6394A884-FF13-428C-AFA4-6EFA0F886871}.Release|x86.Build.0 = Release|iPhoneSimulator
		{6394A884-FF13-428C-AFA4-6EFA0F886871}.Release|x86.Deploy.0 = Release|iPhoneSimulator
		{1CF745A7-ED91-4C72-8985-8A9071D9BCEB}.Debug|Any CPU.ActiveCfg = Debug|Any CPU
		{1CF745A7-ED91-4C72-8985-8A9071D9BCEB}.Debug|Any CPU.Build.0 = Debug|Any CPU
		{1CF745A7-ED91-4C72-8985-8A9071D9BCEB}.Debug|Any CPU.Deploy.0 = Debug|Any CPU
		{1CF745A7-ED91-4C72-8985-8A9071D9BCEB}.Debug|ARM.ActiveCfg = Debug|Any CPU
		{1CF745A7-ED91-4C72-8985-8A9071D9BCEB}.Debug|ARM.Build.0 = Debug|Any CPU
		{1CF745A7-ED91-4C72-8985-8A9071D9BCEB}.Debug|ARM.Deploy.0 = Debug|Any CPU
		{1CF745A7-ED91-4C72-8985-8A9071D9BCEB}.Debug|iPhone.ActiveCfg = Debug|Any CPU
		{1CF745A7-ED91-4C72-8985-8A9071D9BCEB}.Debug|iPhone.Build.0 = Debug|Any CPU
		{1CF745A7-ED91-4C72-8985-8A9071D9BCEB}.Debug|iPhone.Deploy.0 = Debug|Any CPU
		{1CF745A7-ED91-4C72-8985-8A9071D9BCEB}.Debug|iPhoneSimulator.ActiveCfg = Debug|Any CPU
		{1CF745A7-ED91-4C72-8985-8A9071D9BCEB}.Debug|iPhoneSimulator.Build.0 = Debug|Any CPU
		{1CF745A7-ED91-4C72-8985-8A9071D9BCEB}.Debug|iPhoneSimulator.Deploy.0 = Debug|Any CPU
		{1CF745A7-ED91-4C72-8985-8A9071D9BCEB}.Debug|x64.ActiveCfg = Debug|Any CPU
		{1CF745A7-ED91-4C72-8985-8A9071D9BCEB}.Debug|x64.Build.0 = Debug|Any CPU
		{1CF745A7-ED91-4C72-8985-8A9071D9BCEB}.Debug|x64.Deploy.0 = Debug|Any CPU
		{1CF745A7-ED91-4C72-8985-8A9071D9BCEB}.Debug|x86.ActiveCfg = Debug|Any CPU
		{1CF745A7-ED91-4C72-8985-8A9071D9BCEB}.Debug|x86.Build.0 = Debug|Any CPU
		{1CF745A7-ED91-4C72-8985-8A9071D9BCEB}.Debug|x86.Deploy.0 = Debug|Any CPU
		{1CF745A7-ED91-4C72-8985-8A9071D9BCEB}.Release|Any CPU.ActiveCfg = Release|Any CPU
		{1CF745A7-ED91-4C72-8985-8A9071D9BCEB}.Release|Any CPU.Build.0 = Release|Any CPU
		{1CF745A7-ED91-4C72-8985-8A9071D9BCEB}.Release|Any CPU.Deploy.0 = Release|Any CPU
		{1CF745A7-ED91-4C72-8985-8A9071D9BCEB}.Release|ARM.ActiveCfg = Release|Any CPU
		{1CF745A7-ED91-4C72-8985-8A9071D9BCEB}.Release|ARM.Build.0 = Release|Any CPU
		{1CF745A7-ED91-4C72-8985-8A9071D9BCEB}.Release|ARM.Deploy.0 = Release|Any CPU
		{1CF745A7-ED91-4C72-8985-8A9071D9BCEB}.Release|iPhone.ActiveCfg = Release|Any CPU
		{1CF745A7-ED91-4C72-8985-8A9071D9BCEB}.Release|iPhone.Build.0 = Release|Any CPU
		{1CF745A7-ED91-4C72-8985-8A9071D9BCEB}.Release|iPhone.Deploy.0 = Release|Any CPU
		{1CF745A7-ED91-4C72-8985-8A9071D9BCEB}.Release|iPhoneSimulator.ActiveCfg = Release|Any CPU
		{1CF745A7-ED91-4C72-8985-8A9071D9BCEB}.Release|iPhoneSimulator.Build.0 = Release|Any CPU
		{1CF745A7-ED91-4C72-8985-8A9071D9BCEB}.Release|iPhoneSimulator.Deploy.0 = Release|Any CPU
		{1CF745A7-ED91-4C72-8985-8A9071D9BCEB}.Release|x64.ActiveCfg = Release|Any CPU
		{1CF745A7-ED91-4C72-8985-8A9071D9BCEB}.Release|x64.Build.0 = Release|Any CPU
		{1CF745A7-ED91-4C72-8985-8A9071D9BCEB}.Release|x64.Deploy.0 = Release|Any CPU
		{1CF745A7-ED91-4C72-8985-8A9071D9BCEB}.Release|x86.ActiveCfg = Release|Any CPU
		{1CF745A7-ED91-4C72-8985-8A9071D9BCEB}.Release|x86.Build.0 = Release|Any CPU
		{1CF745A7-ED91-4C72-8985-8A9071D9BCEB}.Release|x86.Deploy.0 = Release|Any CPU
	EndGlobalSection
	GlobalSection(SolutionProperties) = preSolution
		HideSolutionNode = FALSE
	EndGlobalSection
	GlobalSection(ExtensibilityGlobals) = postSolution
		SolutionGuid = {B71EC8C2-68B4-406C-9AFF-01673AB63DA5}
	EndGlobalSection
EndGlobal
